
Microsoft Visual Studio Solution File, Format Version 12.00
# Visual Studio Version 17
VisualStudioVersion = 17.11.35327.3
MinimumVisualStudioVersion = 10.0.40219.1
Project("{FAE04EC0-301F-11D3-BF4B-00C04F79EFBC}") = "TechnicoConsoleApp", "TechnicoConsoleApp\TechnicoConsoleApp.csproj", "{93861CC5-55D2-4BE7-A24C-55C627EE1357}"
EndProject
Global
	GlobalSection(SolutionConfigurationPlatforms) = preSolution
		Debug|Any CPU = Debug|Any CPU
		Release|Any CPU = Release|Any CPU
	EndGlobalSection
	GlobalSection(ProjectConfigurationPlatforms) = postSolution
		{93861CC5-55D2-4BE7-A24C-55C627EE1357}.Debug|Any CPU.ActiveCfg = Debug|Any CPU
		{93861CC5-55D2-4BE7-A24C-55C627EE1357}.Debug|Any CPU.Build.0 = Debug|Any CPU
		{93861CC5-55D2-4BE7-A24C-55C627EE1357}.Release|Any CPU.ActiveCfg = Release|Any CPU
		{93861CC5-55D2-4BE7-A24C-55C627EE1357}.Release|Any CPU.Build.0 = Release|Any CPU
	EndGlobalSection
	GlobalSection(SolutionProperties) = preSolution
		HideSolutionNode = FALSE
	EndGlobalSection
	GlobalSection(ExtensibilityGlobals) = postSolution
		SolutionGuid = {2C94A8C3-A76A-4DBA-A732-D1140D96D36D}
	EndGlobalSection
EndGlobal
